
Microsoft Visual Studio Solution File, Format Version 12.00
# Visual Studio Version 17
VisualStudioVersion = 17.12.35527.113
MinimumVisualStudioVersion = 10.0.40219.1
Project("{2150E333-8FDC-42A3-9474-1A3956D46DE8}") = "src", "src", "{56650FAE-ADBC-4CBB-827E-83818B20A16B}"
EndProject
Project("{2150E333-8FDC-42A3-9474-1A3956D46DE8}") = "01-Domain", "01-Domain", "{93E56D23-3BBC-4748-B845-53FEDE35E9DB}"
EndProject
Project("{2150E333-8FDC-42A3-9474-1A3956D46DE8}") = "00-Framework", "00-Framework", "{8C3D3F1E-FEC6-4209-9E81-C4F71E662E12}"
EndProject
Project("{2150E333-8FDC-42A3-9474-1A3956D46DE8}") = "02-Infrastructures", "02-Infrastructures", "{08D1C3A3-9E77-4C2B-9CAA-04D2CB26BC05}"
EndProject
Project("{2150E333-8FDC-42A3-9474-1A3956D46DE8}") = "03-EndPoints", "03-EndPoints", "{EE1D7C46-206B-4222-9A33-A56AF00AB981}"
EndProject
Project("{2150E333-8FDC-42A3-9474-1A3956D46DE8}") = "Core", "Core", "{D203AB4C-3BF5-4336-935D-E6E9E67364EE}"
EndProject
Project("{2150E333-8FDC-42A3-9474-1A3956D46DE8}") = "Services", "Services", "{C8D08912-D4D1-4DB3-905D-B4D1E714B11F}"
EndProject
Project("{2150E333-8FDC-42A3-9474-1A3956D46DE8}") = "DataAcces", "DataAcces", "{196D6DD0-EACF-49F9-8DDA-D0E6B7168B7D}"
EndProject
Project("{2150E333-8FDC-42A3-9474-1A3956D46DE8}") = "Db", "Db", "{62A2E52C-CECE-4953-958B-F5A37170A3D7}"
EndProject
Project("{FAE04EC0-301F-11D3-BF4B-00C04F79EFBC}") = "App.Domain.Core", "src\App.Domain.Core\App.Domain.Core.csproj", "{E86CEEB6-215F-485C-96A8-E0B93DABBFDA}"
EndProject
Project("{FAE04EC0-301F-11D3-BF4B-00C04F79EFBC}") = "App.Domain.AppServices", "src\App.Domain.AppServices\App.Domain.AppServices.csproj", "{6197B828-AE5A-4CFF-9087-5242DA5514C1}"
EndProject
Project("{FAE04EC0-301F-11D3-BF4B-00C04F79EFBC}") = "App.Domain.Services", "src\App.Domain.Services\App.Domain.Services.csproj", "{BB469EB2-B3D9-4589-9667-3553E387CD23}"
EndProject
Project("{FAE04EC0-301F-11D3-BF4B-00C04F79EFBC}") = "App.Infra.Data.Repos.Ef", "src\App.Infra.Data.Repos.Ef\App.Infra.Data.Repos.Ef.csproj", "{DC8CF80B-C06F-47E1-932D-C714B59B1DEE}"
EndProject
Project("{FAE04EC0-301F-11D3-BF4B-00C04F79EFBC}") = "App.Infra.Data.Db.SqlServer.Ef", "src\App.Infra.Data.Db.SqlServer.Ef\App.Infra.Data.Db.SqlServer.Ef.csproj", "{9C2DD13A-0F6D-4419-AE6D-0E90A2734CE1}"
EndProject
Project("{FAE04EC0-301F-11D3-BF4B-00C04F79EFBC}") = "App.EndPoint.MVC.ACH", "src\App.EndPoint.MVC.ACH\App.EndPoint.MVC.ACH.csproj", "{5F9475DF-3C19-4754-8397-B93871920FDB}"
EndProject
Project("{FAE04EC0-301F-11D3-BF4B-00C04F79EFBC}") = "Framework", "src\Framework\Framework.csproj", "{23AD9CF7-EAB8-4420-8E50-B6B3A2C94C27}"
EndProject
Project("{FAE04EC0-301F-11D3-BF4B-00C04F79EFBC}") = "App.EndPoint.Razor.ACH", "src\App.EndPoint.Razor.ACH\App.EndPoint.Razor.ACH.csproj", "{B39D8A2F-7757-4D66-A673-387156BFC336}"
EndProject
Global
	GlobalSection(SolutionConfigurationPlatforms) = preSolution
		Debug|Any CPU = Debug|Any CPU
		Release|Any CPU = Release|Any CPU
	EndGlobalSection
	GlobalSection(ProjectConfigurationPlatforms) = postSolution
		{E86CEEB6-215F-485C-96A8-E0B93DABBFDA}.Debug|Any CPU.ActiveCfg = Debug|Any CPU
		{E86CEEB6-215F-485C-96A8-E0B93DABBFDA}.Debug|Any CPU.Build.0 = Debug|Any CPU
		{E86CEEB6-215F-485C-96A8-E0B93DABBFDA}.Release|Any CPU.ActiveCfg = Release|Any CPU
		{E86CEEB6-215F-485C-96A8-E0B93DABBFDA}.Release|Any CPU.Build.0 = Release|Any CPU
		{6197B828-AE5A-4CFF-9087-5242DA5514C1}.Debug|Any CPU.ActiveCfg = Debug|Any CPU
		{6197B828-AE5A-4CFF-9087-5242DA5514C1}.Debug|Any CPU.Build.0 = Debug|Any CPU
		{6197B828-AE5A-4CFF-9087-5242DA5514C1}.Release|Any CPU.ActiveCfg = Release|Any CPU
		{6197B828-AE5A-4CFF-9087-5242DA5514C1}.Release|Any CPU.Build.0 = Release|Any CPU
		{BB469EB2-B3D9-4589-9667-3553E387CD23}.Debug|Any CPU.ActiveCfg = Debug|Any CPU
		{BB469EB2-B3D9-4589-9667-3553E387CD23}.Debug|Any CPU.Build.0 = Debug|Any CPU
		{BB469EB2-B3D9-4589-9667-3553E387CD23}.Release|Any CPU.ActiveCfg = Release|Any CPU
		{BB469EB2-B3D9-4589-9667-3553E387CD23}.Release|Any CPU.Build.0 = Release|Any CPU
		{DC8CF80B-C06F-47E1-932D-C714B59B1DEE}.Debug|Any CPU.ActiveCfg = Debug|Any CPU
		{DC8CF80B-C06F-47E1-932D-C714B59B1DEE}.Debug|Any CPU.Build.0 = Debug|Any CPU
		{DC8CF80B-C06F-47E1-932D-C714B59B1DEE}.Release|Any CPU.ActiveCfg = Release|Any CPU
		{DC8CF80B-C06F-47E1-932D-C714B59B1DEE}.Release|Any CPU.Build.0 = Release|Any CPU
		{9C2DD13A-0F6D-4419-AE6D-0E90A2734CE1}.Debug|Any CPU.ActiveCfg = Debug|Any CPU
		{9C2DD13A-0F6D-4419-AE6D-0E90A2734CE1}.Debug|Any CPU.Build.0 = Debug|Any CPU
		{9C2DD13A-0F6D-4419-AE6D-0E90A2734CE1}.Release|Any CPU.ActiveCfg = Release|Any CPU
		{9C2DD13A-0F6D-4419-AE6D-0E90A2734CE1}.Release|Any CPU.Build.0 = Release|Any CPU
		{5F9475DF-3C19-4754-8397-B93871920FDB}.Debug|Any CPU.ActiveCfg = Debug|Any CPU
		{5F9475DF-3C19-4754-8397-B93871920FDB}.Debug|Any CPU.Build.0 = Debug|Any CPU
		{5F9475DF-3C19-4754-8397-B93871920FDB}.Release|Any CPU.ActiveCfg = Release|Any CPU
		{5F9475DF-3C19-4754-8397-B93871920FDB}.Release|Any CPU.Build.0 = Release|Any CPU
		{23AD9CF7-EAB8-4420-8E50-B6B3A2C94C27}.Debug|Any CPU.ActiveCfg = Debug|Any CPU
		{23AD9CF7-EAB8-4420-8E50-B6B3A2C94C27}.Debug|Any CPU.Build.0 = Debug|Any CPU
		{23AD9CF7-EAB8-4420-8E50-B6B3A2C94C27}.Release|Any CPU.ActiveCfg = Release|Any CPU
		{23AD9CF7-EAB8-4420-8E50-B6B3A2C94C27}.Release|Any CPU.Build.0 = Release|Any CPU
		{B39D8A2F-7757-4D66-A673-387156BFC336}.Debug|Any CPU.ActiveCfg = Debug|Any CPU
		{B39D8A2F-7757-4D66-A673-387156BFC336}.Debug|Any CPU.Build.0 = Debug|Any CPU
		{B39D8A2F-7757-4D66-A673-387156BFC336}.Release|Any CPU.ActiveCfg = Release|Any CPU
		{B39D8A2F-7757-4D66-A673-387156BFC336}.Release|Any CPU.Build.0 = Release|Any CPU
	EndGlobalSection
	GlobalSection(SolutionProperties) = preSolution
		HideSolutionNode = FALSE
	EndGlobalSection
	GlobalSection(NestedProjects) = preSolution
		{93E56D23-3BBC-4748-B845-53FEDE35E9DB} = {56650FAE-ADBC-4CBB-827E-83818B20A16B}
		{8C3D3F1E-FEC6-4209-9E81-C4F71E662E12} = {56650FAE-ADBC-4CBB-827E-83818B20A16B}
		{08D1C3A3-9E77-4C2B-9CAA-04D2CB26BC05} = {56650FAE-ADBC-4CBB-827E-83818B20A16B}
		{EE1D7C46-206B-4222-9A33-A56AF00AB981} = {56650FAE-ADBC-4CBB-827E-83818B20A16B}
		{D203AB4C-3BF5-4336-935D-E6E9E67364EE} = {93E56D23-3BBC-4748-B845-53FEDE35E9DB}
		{C8D08912-D4D1-4DB3-905D-B4D1E714B11F} = {93E56D23-3BBC-4748-B845-53FEDE35E9DB}
		{196D6DD0-EACF-49F9-8DDA-D0E6B7168B7D} = {08D1C3A3-9E77-4C2B-9CAA-04D2CB26BC05}
		{62A2E52C-CECE-4953-958B-F5A37170A3D7} = {08D1C3A3-9E77-4C2B-9CAA-04D2CB26BC05}
		{E86CEEB6-215F-485C-96A8-E0B93DABBFDA} = {D203AB4C-3BF5-4336-935D-E6E9E67364EE}
		{6197B828-AE5A-4CFF-9087-5242DA5514C1} = {C8D08912-D4D1-4DB3-905D-B4D1E714B11F}
		{BB469EB2-B3D9-4589-9667-3553E387CD23} = {C8D08912-D4D1-4DB3-905D-B4D1E714B11F}
		{DC8CF80B-C06F-47E1-932D-C714B59B1DEE} = {196D6DD0-EACF-49F9-8DDA-D0E6B7168B7D}
		{9C2DD13A-0F6D-4419-AE6D-0E90A2734CE1} = {62A2E52C-CECE-4953-958B-F5A37170A3D7}
		{5F9475DF-3C19-4754-8397-B93871920FDB} = {EE1D7C46-206B-4222-9A33-A56AF00AB981}
		{23AD9CF7-EAB8-4420-8E50-B6B3A2C94C27} = {8C3D3F1E-FEC6-4209-9E81-C4F71E662E12}
		{B39D8A2F-7757-4D66-A673-387156BFC336} = {EE1D7C46-206B-4222-9A33-A56AF00AB981}
	EndGlobalSection
EndGlobal
